{
  "nodes": {
    "flake-compat": {
      "flake": false,
      "locked": {
        "lastModified": 1765121682,
        "narHash": "sha256-4VBOP18BFeiPkyhy9o4ssBNQEvfvv1kXkasAYd0+rrA=",
        "owner": "edolstra",
        "repo": "flake-compat",
        "rev": "65f23138d8d09a92e30f1e5c87611b23ef451bf3",
        "type": "github"
      },
      "original": {
        "owner": "edolstra",
        "repo": "flake-compat",
        "type": "github"
      }
    },
    "flake-parts": {
      "inputs": {
        "nixpkgs-lib": [
          "nixvim",
          "nixpkgs"
        ]
      },
      "locked": {
        "lastModified": 1788450739,
        "narHash": "sha256-glZLQlzIn1fXH6PazR2iUmTo7kzzyYSshrWhLS9TqCU=",
        "owner": "hercules-ci",
        "repo": "flake-parts",
        "rev": "31729ca8cbdb4fa927b34e5f4353e6a83f39e993",
        "type": "github"
      },
      "original": {
        "owner": "hercules-ci",
        "repo": "flake-parts",
        "type": "github"
      }
    },
    "nixpkgs": {
      "locked": {
        "lastModified": 1790689126,
        "narHash": "sha256-VyUI5WA3WdOB9kjb04A0pxE6XTWC6cG95ZkoPSv58F0=",
        "rev": "b4fd65b198c599cbe814fcb9f42d25d021595ec9",
        "type": "tarball",
        "url": "https://releases.nixos.org/nixos/unstable/nixos-26.11pre1082427.b4fd65b198c5/nixexprs.tar.zst"
      },
      "original": {
        "id": "nixpkgs",
        "ref": "nixos-unstable",
        "type": "indirect"
      }
    },
    "nixvim": {
      "inputs": {
        "flake-parts": "flake-parts",
        "nixpkgs": [
          "nixpkgs"
        ],
        "systems": "systems"
      },
      "locked": {
        "lastModified": 1790541651,
        "narHash": "sha256-/496IQz8qNWHHLnc3Zvr0l4uxJ34igNhJhn7ZKAefFk=",
        "owner": "nix-community",
        "repo": "nixvim",
        "rev": "5980a626794486abad69fca7667f9c11dfbc3bd7",
        "type": "github"
      },
      "original": {
        "owner": "nix-community",
        "repo": "nixvim",
        "type": "github"
      }
    },
    "nvimMada": {
      "inputs": {
        "nixpkgs": [
          "nixpkgs"
        ],
        "ohimark": "ohimark"
      },
      "locked": {
        "lastModified": 1790820425,
        "narHash": "sha256-odQB7KycjL4LPsTr+b9O/9YBt8eSRVkhZ5BsgfkY5tk=",
        "owner": "justkash",
        "repo": "mada",
        "rev": "cca2ddead8b79e5245e8a68779e17e7e5f3f8d48",
        "type": "github"
      },
      "original": {
        "owner": "justkash",
        "repo": "mada",
        "type": "github"
      }
    },
    "nvimObsessions": {
      "inputs": {
        "nixpkgs": [
          "nixpkgs"
        ]
      },
      "locked": {
        "lastModified": 1790226648,
        "narHash": "sha256-8Usj1CcxwbH8BfO7wctEusWZafZMy0QBRPP+XA25J2U=",
        "owner": "justkash",
        "repo": "obsessions",
        "rev": "1de6596dfcc7e16995bd2c655dd5322b3ef6aed9",
        "type": "github"
      },
      "original": {
        "owner": "justkash",
        "repo": "obsessions",
        "type": "github"
      }
    },
    "ohimark": {
      "inputs": {
        "nixpkgs": [
          "nvimMada",
          "nixpkgs"
        ],
        "rust-overlay": "rust-overlay"
      },
      "locked": {
        "lastModified": 1790226887,
        "narHash": "sha256-ZdX+ye83SanUJGjlYxhGCEUEb+Woq6aegC90whwYiAY=",
        "owner": "AltaraInc",
        "repo": "ohimark",
        "rev": "e288e4640a086844efa51b54997537efced4fcbe",
        "type": "github"
      },
      "original": {
        "owner": "AltaraInc",
        "repo": "ohimark",
        "type": "github"
      }
    },
    "purescript-overlay": {
      "inputs": {
        "flake-compat": "flake-compat",
        "nixpkgs": [
          "nixpkgs"
        ]
      },
      "locked": {
        "lastModified": 1780972251,
        "narHash": "sha256-PwHYPpfLP+WjSwj765zJ1N0Xp4ET3+8vRqxJ031ua3M=",
        "owner": "thomashoneyman",
        "repo": "purescript-overlay",
        "rev": "1cf88ab9d83596db0e0c0d304a16809c410e2917",
        "type": "github"
      },
      "original": {
        "owner": "thomashoneyman",
        "repo": "purescript-overlay",
        "type": "github"
      }
    },
    "root": {
      "inputs": {
        "nixpkgs": "nixpkgs",
        "nixvim": "nixvim",
        "nvimMada": "nvimMada",
        "nvimObsessions": "nvimObsessions",
        "purescript-overlay": "purescript-overlay"
      }
    },
    "rust-overlay": {
      "inputs": {
        "nixpkgs": [
          "nvimMada",
          "ohimark",
          "nixpkgs"
        ]
      },
      "locked": {
        "lastModified": 1790149037,
        "narHash": "sha256-01WcSplVEmQt13QUZLfWez27JO+2lyYWX+yTitvkF3g=",
        "owner": "oxalica",
        "repo": "rust-overlay",
        "rev": "fb058ecf6d14837ea152a3d5225ce7f88ee5cde1",
        "type": "github"
      },
      "original": {
        "owner": "oxalica",
        "repo": "rust-overlay",
        "type": "github"
      }
    },
    "systems": {
      "flake": false,
      "locked": {
        "lastModified": 1774449309,
        "narHash": "sha256-brhZ8DmuGtzkCYHJg4HEd602amKm89Y9ytsFZ5uWD1w=",
        "owner": "nix-systems",
        "repo": "default",
        "rev": "c29398b59d2048c4ab79345812849c9bd15e9150",
        "type": "github"
      },
      "original": {
        "owner": "nix-systems",
        "ref": "future-26.11",
        "repo": "default",
        "type": "github"
      }
    }
  },
  "root": "root",
  "version": 7
}
